PODS:
  - MoviesApp (1.0):
    - youtube-ios-player-helper
  - youtube-ios-player-helper (1.0.4)

DEPENDENCIES:
  - MoviesApp (from `../MoviesApp`)

SPEC REPOS:
  trunk:
    - youtube-ios-player-helper

EXTERNAL SOURCES:
  MoviesApp:
    :path: "../MoviesApp"

SPEC CHECKSUMS:
  MoviesApp: a162ae2b4850e7ffc3dfe21f171b30e6e109abb1
  youtube-ios-player-helper: e9b97535e816db3152179d84d999bc1807ecd689

PODFILE CHECKSUM: 340f15482b56d2cb8fede3b72411239d0f5d88d2

COCOAPODS: 1.14.3
